// !$*UTF8*$!
{
	archiveVersion = 1;
	classes = {
	};
	objectVersion = 56;
	objects = {

/* Begin PBXBuildFile section */
		E90CB1342ACEF73E00A01FBA /* CustomARView+Collisions.swift in Sources */ = {isa = PBXBuildFile; fileRef = E90CB1332ACEF73E00A01FBA /* CustomARView+Collisions.swift */; };
		E915E3DD2ACC82040046F5D7 /* CustomBox.swift in Sources */ = {isa = PBXBuildFile; fileRef = E915E3DC2ACC82040046F5D7 /* CustomBox.swift */; };
		E915E3FC2ACCB8C20046F5D7 /* Entity.swift in Sources */ = {isa = PBXBuildFile; fileRef = E915E3FB2ACCB8C20046F5D7 /* Entity.swift */; };
		E915E3FE2ACCB9D90046F5D7 /* CustomARView+Load.swift in Sources */ = {isa = PBXBuildFile; fileRef = E915E3FD2ACCB9D90046F5D7 /* CustomARView+Load.swift */; };
		E92C4BEF2ACB67A900301545 /* DartChallengeApp.swift in Sources */ = {isa = PBXBuildFile; fileRef = E92C4BEE2ACB67A900301545 /* DartChallengeApp.swift */; };
		E92C4BF12ACB67A900301545 /* GameView.swift in Sources */ = {isa = PBXBuildFile; fileRef = E92C4BF02ACB67A900301545 /* GameView.swift */; };
		E92C4BF32ACB67AA00301545 /* Assets.xcassets in Resources */ = {isa = PBXBuildFile; fileRef = E92C4BF22ACB67AA00301545 /* Assets.xcassets */; };
		E92C4BF62ACB67AA00301545 /* Preview Assets.xcassets in Resources */ = {isa = PBXBuildFile; fileRef = E92C4BF52ACB67AA00301545 /* Preview Assets.xcassets */; };
		E92C4BFF2ACB698200301545 /* ARViewContainer.swift in Sources */ = {isa = PBXBuildFile; fileRef = E92C4BFE2ACB698200301545 /* ARViewContainer.swift */; };
		E92C4C012ACB69A100301545 /* CustomARView.swift in Sources */ = {isa = PBXBuildFile; fileRef = E92C4C002ACB69A100301545 /* CustomARView.swift */; };
		E92C4C042ACB6F6600301545 /* GameViewModel.swift in Sources */ = {isa = PBXBuildFile; fileRef = E92C4C032ACB6F6600301545 /* GameViewModel.swift */; };
		E92C4C072ACB6F8300301545 /* ARAction.swift in Sources */ = {isa = PBXBuildFile; fileRef = E92C4C062ACB6F8300301545 /* ARAction.swift */; };
		E92C4C092ACB6FDC00301545 /* ARManager.swift in Sources */ = {isa = PBXBuildFile; fileRef = E92C4C082ACB6FDC00301545 /* ARManager.swift */; };
		E92C4C0C2ACB816D00301545 /* Dart.rcproject in Sources */ = {isa = PBXBuildFile; fileRef = E92C4C0B2ACB816D00301545 /* Dart.rcproject */; };
		E96D54BE2ACD9C9100FD8D76 /* CustomARView+Dart.swift in Sources */ = {isa = PBXBuildFile; fileRef = E96D54BD2ACD9C9100FD8D76 /* CustomARView+Dart.swift */; };
		E96D54C02ACD9F7700FD8D76 /* CustomARView+DartBoard.swift in Sources */ = {isa = PBXBuildFile; fileRef = E96D54BF2ACD9F7700FD8D76 /* CustomARView+DartBoard.swift */; };
		E96D54C22ACDA05A00FD8D76 /* Float.swift in Sources */ = {isa = PBXBuildFile; fileRef = E96D54C12ACDA05A00FD8D76 /* Float.swift */; };
		E97AAF602ACC30D100FBE4BB /* dartBoard.usdz in Resources */ = {isa = PBXBuildFile; fileRef = E97AAF5E2ACC30D000FBE4BB /* dartBoard.usdz */; };
		E97AAF612ACC30D100FBE4BB /* firstDart.usdz in Resources */ = {isa = PBXBuildFile; fileRef = E97AAF5F2ACC30D100FBE4BB /* firstDart.usdz */; };
		E98FE0412AD31E15006410A1 /* MenuView.swift in Sources */ = {isa = PBXBuildFile; fileRef = E98FE0402AD31E15006410A1 /* MenuView.swift */; };
		E98FE0432AD31EBA006410A1 /* PrimaryButton.swift in Sources */ = {isa = PBXBuildFile; fileRef = E98FE0422AD31EBA006410A1 /* PrimaryButton.swift */; };
		E98FE0452AD31EC9006410A1 /* Color.swift in Sources */ = {isa = PBXBuildFile; fileRef = E98FE0442AD31EC9006410A1 /* Color.swift */; };
		E98FE0472AD32142006410A1 /* SecondaryButton.swift in Sources */ = {isa = PBXBuildFile; fileRef = E98FE0462AD32142006410A1 /* SecondaryButton.swift */; };
		E98FE04A2AD32304006410A1 /* Futura-Bold.ttf in Resources */ = {isa = PBXBuildFile; fileRef = E98FE0482AD32304006410A1 /* Futura-Bold.ttf */; };
		E98FE04B2AD32304006410A1 /* Futura-Medium.ttf in Resources */ = {isa = PBXBuildFile; fileRef = E98FE0492AD32304006410A1 /* Futura-Medium.ttf */; };
		E98FE04E2AD3277F006410A1 /* PauseView.swift in Sources */ = {isa = PBXBuildFile; fileRef = E98FE04D2AD3277F006410A1 /* PauseView.swift */; };
		E98FE0502AD32A1F006410A1 /* EndMatchView.swift in Sources */ = {isa = PBXBuildFile; fileRef = E98FE04F2AD32A1F006410A1 /* EndMatchView.swift */; };
/* End PBXBuildFile section */

/* Begin PBXFileReference section */
		E90CB1332ACEF73E00A01FBA /* CustomARView+Collisions.swift */ = {isa = PBXFileReference; lastKnownFileType = sourcecode.swift; path = "CustomARView+Collisions.swift"; sourceTree = "<group>"; };
		E915E3DC2ACC82040046F5D7 /* CustomBox.swift */ = {isa = PBXFileReference; lastKnownFileType = sourcecode.swift; path = CustomBox.swift; sourceTree = "<group>"; };
		E915E3FB2ACCB8C20046F5D7 /* Entity.swift */ = {isa = PBXFileReference; lastKnownFileType = sourcecode.swift; path = Entity.swift; sourceTree = "<group>"; };
		E915E3FD2ACCB9D90046F5D7 /* CustomARView+Load.swift */ = {isa = PBXFileReference; lastKnownFileType = sourcecode.swift; path = "CustomARView+Load.swift"; sourceTree = "<group>"; };
		E92C4BEB2ACB67A900301545 /* DartChallenge.app */ = {isa = PBXFileReference; explicitFileType = wrapper.application; includeInIndex = 0; path = DartChallenge.app; sourceTree = BUILT_PRODUCTS_DIR; };
		E92C4BEE2ACB67A900301545 /* DartChallengeApp.swift */ = {isa = PBXFileReference; lastKnownFileType = sourcecode.swift; path = DartChallengeApp.swift; sourceTree = "<group>"; };
		E92C4BF02ACB67A900301545 /* GameView.swift */ = {isa = PBXFileReference; lastKnownFileType = sourcecode.swift; path = GameView.swift; sourceTree = "<group>"; };
		E92C4BF22ACB67AA00301545 /* Assets.xcassets */ = {isa = PBXFileReference; lastKnownFileType = folder.assetcatalog; path = Assets.xcassets; sourceTree = "<group>"; };
		E92C4BF52ACB67AA00301545 /* Preview Assets.xcassets */ = {isa = PBXFileReference; lastKnownFileType = folder.assetcatalog; path = "Preview Assets.xcassets"; sourceTree = "<group>"; };
		E92C4BFE2ACB698200301545 /* ARViewContainer.swift */ = {isa = PBXFileReference; lastKnownFileType = sourcecode.swift; path = ARViewContainer.swift; sourceTree = "<group>"; };
		E92C4C002ACB69A100301545 /* CustomARView.swift */ = {isa = PBXFileReference; lastKnownFileType = sourcecode.swift; path = CustomARView.swift; sourceTree = "<group>"; };
		E92C4C032ACB6F6600301545 /* GameViewModel.swift */ = {isa = PBXFileReference; lastKnownFileType = sourcecode.swift; path = GameViewModel.swift; sourceTree = "<group>"; };
		E92C4C062ACB6F8300301545 /* ARAction.swift */ = {isa = PBXFileReference; lastKnownFileType = sourcecode.swift; path = ARAction.swift; sourceTree = "<group>"; };
		E92C4C082ACB6FDC00301545 /* ARManager.swift */ = {isa = PBXFileReference; lastKnownFileType = sourcecode.swift; path = ARManager.swift; sourceTree = "<group>"; };
		E92C4C0B2ACB816D00301545 /* Dart.rcproject */ = {isa = PBXFileReference; lastKnownFileType = file.rcproject; path = Dart.rcproject; sourceTree = "<group>"; };
		E96D54BD2ACD9C9100FD8D76 /* CustomARView+Dart.swift */ = {isa = PBXFileReference; lastKnownFileType = sourcecode.swift; path = "CustomARView+Dart.swift"; sourceTree = "<group>"; };
		E96D54BF2ACD9F7700FD8D76 /* CustomARView+DartBoard.swift */ = {isa = PBXFileReference; lastKnownFileType = sourcecode.swift; path = "CustomARView+DartBoard.swift"; sourceTree = "<group>"; };
		E96D54C12ACDA05A00FD8D76 /* Float.swift */ = {isa = PBXFileReference; lastKnownFileType = sourcecode.swift; path = Float.swift; sourceTree = "<group>"; };
		E97AAF5E2ACC30D000FBE4BB /* dartBoard.usdz */ = {isa = PBXFileReference; lastKnownFileType = file.usdz; path = dartBoard.usdz; sourceTree = "<group>"; };
		E97AAF5F2ACC30D100FBE4BB /* firstDart.usdz */ = {isa = PBXFileReference; lastKnownFileType = file.usdz; path = firstDart.usdz; sourceTree = "<group>"; };
		E98FE0402AD31E15006410A1 /* MenuView.swift */ = {isa = PBXFileReference; lastKnownFileType = sourcecode.swift; path = MenuView.swift; sourceTree = "<group>"; };
		E98FE0422AD31EBA006410A1 /* PrimaryButton.swift */ = {isa = PBXFileReference; lastKnownFileType = sourcecode.swift; path = PrimaryButton.swift; sourceTree = "<group>"; };
		E98FE0442AD31EC9006410A1 /* Color.swift */ = {isa = PBXFileReference; lastKnownFileType = sourcecode.swift; path = Color.swift; sourceTree = "<group>"; };
		E98FE0462AD32142006410A1 /* SecondaryButton.swift */ = {isa = PBXFileReference; lastKnownFileType = sourcecode.swift; path = SecondaryButton.swift; sourceTree = "<group>"; };
		E98FE0482AD32304006410A1 /* Futura-Bold.ttf */ = {isa = PBXFileReference; lastKnownFileType = file; path = "Futura-Bold.ttf"; sourceTree = "<group>"; };
		E98FE0492AD32304006410A1 /* Futura-Medium.ttf */ = {isa = PBXFileReference; lastKnownFileType = file; path = "Futura-Medium.ttf"; sourceTree = "<group>"; };
		E98FE04C2AD32322006410A1 /* Info.plist */ = {isa = PBXFileReference; lastKnownFileType = text.plist; path = Info.plist; sourceTree = "<group>"; };
		E98FE04D2AD3277F006410A1 /* PauseView.swift */ = {isa = PBXFileReference; lastKnownFileType = sourcecode.swift; path = PauseView.swift; sourceTree = "<group>"; };
		E98FE04F2AD32A1F006410A1 /* EndMatchView.swift */ = {isa = PBXFileReference; lastKnownFileType = sourcecode.swift; path = EndMatchView.swift; sourceTree = "<group>"; };
/* End PBXFileReference section */

/* Begin PBXFrameworksBuildPhase section */
		E92C4BE82ACB67A900301545 /* Frameworks */ = {
			isa = PBXFrameworksBuildPhase;
			buildActionMask = 2147483647;
			files = (
			);
			runOnlyForDeploymentPostprocessing = 0;
		};
/* End PBXFrameworksBuildPhase section */

/* Begin PBXGroup section */
		E915E3FA2ACCB8B10046F5D7 /* Extensions */ = {
			isa = PBXGroup;
			children = (
				E915E3FB2ACCB8C20046F5D7 /* Entity.swift */,
				E96D54C12ACDA05A00FD8D76 /* Float.swift */,
				E98FE0442AD31EC9006410A1 /* Color.swift */,
			);
			path = Extensions;
			sourceTree = "<group>";
		};
		E92C4BE22ACB67A900301545 = {
			isa = PBXGroup;
			children = (
				E92C4BED2ACB67A900301545 /* DartChallenge */,
				E92C4BEC2ACB67A900301545 /* Products */,
			);
			sourceTree = "<group>";
		};
		E92C4BEC2ACB67A900301545 /* Products */ = {
			isa = PBXGroup;
			children = (
				E92C4BEB2ACB67A900301545 /* DartChallenge.app */,
			);
			name = Products;
			sourceTree = "<group>";
		};
		E92C4BED2ACB67A900301545 /* DartChallenge */ = {
			isa = PBXGroup;
			children = (
				E92C4BEE2ACB67A900301545 /* DartChallengeApp.swift */,
				E92C4BFC2ACB687300301545 /* AR */,
				E98FE0382AD31B48006410A1 /* Core */,
				E98FE03B2AD31B88006410A1 /* Models */,
				E915E3FA2ACCB8B10046F5D7 /* Extensions */,
				E92C4BFD2ACB694200301545 /* Managers */,
				E92C4BF22ACB67AA00301545 /* Assets.xcassets */,
				E98FE04C2AD32322006410A1 /* Info.plist */,
				E92C4C0A2ACB815C00301545 /* Resources */,
				E92C4BF42ACB67AA00301545 /* Preview Content */,
				E915E3DC2ACC82040046F5D7 /* CustomBox.swift */,
			);
			path = DartChallenge;
			sourceTree = "<group>";
		};
		E92C4BF42ACB67AA00301545 /* Preview Content */ = {
			isa = PBXGroup;
			children = (
				E92C4BF52ACB67AA00301545 /* Preview Assets.xcassets */,
			);
			path = "Preview Content";
			sourceTree = "<group>";
		};
		E92C4BFC2ACB687300301545 /* AR */ = {
			isa = PBXGroup;
			children = (
				E92C4BFE2ACB698200301545 /* ARViewContainer.swift */,
				E92C4C002ACB69A100301545 /* CustomARView.swift */,
				E915E3FD2ACCB9D90046F5D7 /* CustomARView+Load.swift */,
				E96D54BD2ACD9C9100FD8D76 /* CustomARView+Dart.swift */,
				E96D54BF2ACD9F7700FD8D76 /* CustomARView+DartBoard.swift */,
				E90CB1332ACEF73E00A01FBA /* CustomARView+Collisions.swift */,
			);
			path = AR;
			sourceTree = "<group>";
		};
		E92C4BFD2ACB694200301545 /* Managers */ = {
			isa = PBXGroup;
			children = (
				E92C4C082ACB6FDC00301545 /* ARManager.swift */,
			);
			path = Managers;
			sourceTree = "<group>";
		};
		E92C4C022ACB6F3B00301545 /* ViewModels */ = {
			isa = PBXGroup;
			children = (
				E92C4C032ACB6F6600301545 /* GameViewModel.swift */,
			);
			path = ViewModels;
			sourceTree = "<group>";
		};
		E92C4C052ACB6F7100301545 /* Enums */ = {
			isa = PBXGroup;
			children = (
				E92C4C062ACB6F8300301545 /* ARAction.swift */,
			);
			path = Enums;
			sourceTree = "<group>";
		};
		E92C4C0A2ACB815C00301545 /* Resources */ = {
			isa = PBXGroup;
			children = (
				E98FE0482AD32304006410A1 /* Futura-Bold.ttf */,
				E98FE0492AD32304006410A1 /* Futura-Medium.ttf */,
				E97AAF5E2ACC30D000FBE4BB /* dartBoard.usdz */,
				E97AAF5F2ACC30D100FBE4BB /* firstDart.usdz */,
				E92C4C0B2ACB816D00301545 /* Dart.rcproject */,
			);
			path = Resources;
			sourceTree = "<group>";
		};
		E98FE0382AD31B48006410A1 /* Core */ = {
			isa = PBXGroup;
			children = (
				E98FE03C2AD31B9E006410A1 /* Components */,
				E98FE0392AD31B71006410A1 /* Game */,
				E98FE03D2AD31BC1006410A1 /* Menu */,
				E98FE03E2AD31BDF006410A1 /* EndGame */,
				E98FE03F2AD31BF1006410A1 /* Details */,
			);
			path = Core;
			sourceTree = "<group>";
		};
		E98FE0392AD31B71006410A1 /* Game */ = {
			isa = PBXGroup;
			children = (
				E92C4C022ACB6F3B00301545 /* ViewModels */,
				E98FE03A2AD31B7B006410A1 /* Views */,
			);
			path = Game;
			sourceTree = "<group>";
		};
		E98FE03A2AD31B7B006410A1 /* Views */ = {
			isa = PBXGroup;
			children = (
				E92C4BF02ACB67A900301545 /* GameView.swift */,
			);
			path = Views;
			sourceTree = "<group>";
		};
		E98FE03B2AD31B88006410A1 /* Models */ = {
			isa = PBXGroup;
			children = (
				E92C4C052ACB6F7100301545 /* Enums */,
			);
			path = Models;
			sourceTree = "<group>";
		};
		E98FE03C2AD31B9E006410A1 /* Components */ = {
			isa = PBXGroup;
			children = (
				E98FE0422AD31EBA006410A1 /* PrimaryButton.swift */,
				E98FE0462AD32142006410A1 /* SecondaryButton.swift */,
				E98FE04D2AD3277F006410A1 /* PauseView.swift */,
			);
			path = Components;
			sourceTree = "<group>";
		};
		E98FE03D2AD31BC1006410A1 /* Menu */ = {
			isa = PBXGroup;
			children = (
				E98FE0402AD31E15006410A1 /* MenuView.swift */,
			);
			path = Menu;
			sourceTree = "<group>";
		};
		E98FE03E2AD31BDF006410A1 /* EndGame */ = {
			isa = PBXGroup;
			children = (
				E98FE04F2AD32A1F006410A1 /* EndMatchView.swift */,
			);
			path = EndGame;
			sourceTree = "<group>";
		};
		E98FE03F2AD31BF1006410A1 /* Details */ = {
			isa = PBXGroup;
			children = (
			);
			path = Details;
			sourceTree = "<group>";
		};
/* End PBXGroup section */

/* Begin PBXNativeTarget section */
		E92C4BEA2ACB67A900301545 /* DartChallenge */ = {
			isa = PBXNativeTarget;
			buildConfigurationList = E92C4BF92ACB67AA00301545 /* Build configuration list for PBXNativeTarget "DartChallenge" */;
			buildPhases = (
				E92C4BE72ACB67A900301545 /* Sources */,
				E92C4BE82ACB67A900301545 /* Frameworks */,
				E92C4BE92ACB67A900301545 /* Resources */,
			);
			buildRules = (
			);
			dependencies = (
			);
			name = DartChallenge;
			productName = DartChallenge;
			productReference = E92C4BEB2ACB67A900301545 /* DartChallenge.app */;
			productType = "com.apple.product-type.application";
		};
/* End PBXNativeTarget section */

/* Begin PBXProject section */
		E92C4BE32ACB67A900301545 /* Project object */ = {
			isa = PBXProject;
			attributes = {
				BuildIndependentTargetsInParallel = 1;
				LastSwiftUpdateCheck = 1430;
				LastUpgradeCheck = 1430;
				TargetAttributes = {
					E92C4BEA2ACB67A900301545 = {
						CreatedOnToolsVersion = 14.3;
					};
				};
			};
			buildConfigurationList = E92C4BE62ACB67A900301545 /* Build configuration list for PBXProject "DartChallenge" */;
			compatibilityVersion = "Xcode 14.0";
			developmentRegion = en;
			hasScannedForEncodings = 0;
			knownRegions = (
				en,
				Base,
			);
			mainGroup = E92C4BE22ACB67A900301545;
			productRefGroup = E92C4BEC2ACB67A900301545 /* Products */;
			projectDirPath = "";
			projectRoot = "";
			targets = (
				E92C4BEA2ACB67A900301545 /* DartChallenge */,
			);
		};
/* End PBXProject section */

/* Begin PBXResourcesBuildPhase section */
		E92C4BE92ACB67A900301545 /* Resources */ = {
			isa = PBXResourcesBuildPhase;
			buildActionMask = 2147483647;
			files = (
				E92C4BF62ACB67AA00301545 /* Preview Assets.xcassets in Resources */,
				E97AAF612ACC30D100FBE4BB /* firstDart.usdz in Resources */,
				E98FE04B2AD32304006410A1 /* Futura-Medium.ttf in Resources */,
				E92C4BF32ACB67AA00301545 /* Assets.xcassets in Resources */,
				E97AAF602ACC30D100FBE4BB /* dartBoard.usdz in Resources */,
				E98FE04A2AD32304006410A1 /* Futura-Bold.ttf in Resources */,
			);
			runOnlyForDeploymentPostprocessing = 0;
		};
/* End PBXResourcesBuildPhase section */

/* Begin PBXSourcesBuildPhase section */
		E92C4BE72ACB67A900301545 /* Sources */ = {
			isa = PBXSourcesBuildPhase;
			buildActionMask = 2147483647;
			files = (
				E92C4C072ACB6F8300301545 /* ARAction.swift in Sources */,
				E96D54BE2ACD9C9100FD8D76 /* CustomARView+Dart.swift in Sources */,
				E915E3FE2ACCB9D90046F5D7 /* CustomARView+Load.swift in Sources */,
				E915E3DD2ACC82040046F5D7 /* CustomBox.swift in Sources */,
				E92C4C092ACB6FDC00301545 /* ARManager.swift in Sources */,
				E92C4C042ACB6F6600301545 /* GameViewModel.swift in Sources */,
				E92C4C0C2ACB816D00301545 /* Dart.rcproject in Sources */,
				E98FE04E2AD3277F006410A1 /* PauseView.swift in Sources */,
				E98FE0432AD31EBA006410A1 /* PrimaryButton.swift in Sources */,
				E92C4BF12ACB67A900301545 /* GameView.swift in Sources */,
				E915E3FC2ACCB8C20046F5D7 /* Entity.swift in Sources */,
				E98FE0472AD32142006410A1 /* SecondaryButton.swift in Sources */,
				E98FE0412AD31E15006410A1 /* MenuView.swift in Sources */,
				E96D54C02ACD9F7700FD8D76 /* CustomARView+DartBoard.swift in Sources */,
				E92C4BEF2ACB67A900301545 /* DartChallengeApp.swift in Sources */,
				E92C4C012ACB69A100301545 /* CustomARView.swift in Sources */,
				E92C4BFF2ACB698200301545 /* ARViewContainer.swift in Sources */,
				E90CB1342ACEF73E00A01FBA /* CustomARView+Collisions.swift in Sources */,
				E98FE0502AD32A1F006410A1 /* EndMatchView.swift in Sources */,
				E96D54C22ACDA05A00FD8D76 /* Float.swift in Sources */,
				E98FE0452AD31EC9006410A1 /* Color.swift in Sources */,
			);
			runOnlyForDeploymentPostprocessing = 0;
		};
/* End PBXSourcesBuildPhase section */

/* Begin XCBuildConfiguration section */
		E92C4BF72ACB67AA00301545 /* Debug */ = {
			isa = XCBuildConfiguration;
			buildSettings = {
				ALWAYS_SEARCH_USER_PATHS = NO;
				CLANG_ANALYZER_NONNULL = YES;
				CLANG_ANALYZER_NUMBER_OBJECT_CONVERSION = YES_AGGRESSIVE;
				CLANG_CXX_LANGUAGE_STANDARD = "gnu++20";
				CLANG_ENABLE_MODULES = YES;
				CLANG_ENABLE_OBJC_ARC = YES;
				CLANG_ENABLE_OBJC_WEAK = YES;
				CLANG_WARN_BLOCK_CAPTURE_AUTORELEASING = YES;
				CLANG_WARN_BOOL_CONVERSION = YES;
				CLANG_WARN_COMMA = YES;
				CLANG_WARN_CONSTANT_CONVERSION = YES;
				CLANG_WARN_DEPRECATED_OBJC_IMPLEMENTATIONS = YES;
				CLANG_WARN_DIRECT_OBJC_ISA_USAGE = YES_ERROR;
				CLANG_WARN_DOCUMENTATION_COMMENTS = YES;
				CLANG_WARN_EMPTY_BODY = YES;
				CLANG_WARN_ENUM_CONVERSION = YES;
				CLANG_WARN_INFINITE_RECURSION = YES;
				CLANG_WARN_INT_CONVERSION = YES;
				CLANG_WARN_NON_LITERAL_NULL_CONVERSION = YES;
				CLANG_WARN_OBJC_IMPLICIT_RETAIN_SELF = YES;
				CLANG_WARN_OBJC_LITERAL_CONVERSION = YES;
				CLANG_WARN_OBJC_ROOT_CLASS = YES_ERROR;
				CLANG_WARN_QUOTED_INCLUDE_IN_FRAMEWORK_HEADER = YES;
				CLANG_WARN_RANGE_LOOP_ANALYSIS = YES;
				CLANG_WARN_STRICT_PROTOTYPES = YES;
				CLANG_WARN_SUSPICIOUS_MOVE = YES;
				CLANG_WARN_UNGUARDED_AVAILABILITY = YES_AGGRESSIVE;
				CLANG_WARN_UNREACHABLE_CODE = YES;
				CLANG_WARN__DUPLICATE_METHOD_MATCH = YES;
				COPY_PHASE_STRIP = NO;
				DEBUG_INFORMATION_FORMAT = dwarf;
				ENABLE_STRICT_OBJC_MSGSEND = YES;
				ENABLE_TESTABILITY = YES;
				GCC_C_LANGUAGE_STANDARD = gnu11;
				GCC_DYNAMIC_NO_PIC = NO;
				GCC_NO_COMMON_BLOCKS = YES;
				GCC_OPTIMIZATION_LEVEL = 0;
				GCC_PREPROCESSOR_DEFINITIONS = (
					"DEBUG=1",
					"$(inherited)",
				);
				GCC_WARN_64_TO_32_BIT_CONVERSION = YES;
				GCC_WARN_ABOUT_RETURN_TYPE = YES_ERROR;
				GCC_WARN_UNDECLARED_SELECTOR = YES;
				GCC_WARN_UNINITIALIZED_AUTOS = YES_AGGRESSIVE;
				GCC_WARN_UNUSED_FUNCTION = YES;
				GCC_WARN_UNUSED_VARIABLE = YES;
				IPHONEOS_DEPLOYMENT_TARGET = 16.4;
				MTL_ENABLE_DEBUG_INFO = INCLUDE_SOURCE;
				MTL_FAST_MATH = YES;
				ONLY_ACTIVE_ARCH = YES;
				SDKROOT = iphoneos;
				SWIFT_ACTIVE_COMPILATION_CONDITIONS = DEBUG;
				SWIFT_OPTIMIZATION_LEVEL = "-Onone";
			};
			name = Debug;
		};
		E92C4BF82ACB67AA00301545 /* Release */ = {
			isa = XCBuildConfiguration;
			buildSettings = {
				ALWAYS_SEARCH_USER_PATHS = NO;
				CLANG_ANALYZER_NONNULL = YES;
				CLANG_ANALYZER_NUMBER_OBJECT_CONVERSION = YES_AGGRESSIVE;
				CLANG_CXX_LANGUAGE_STANDARD = "gnu++20";
				CLANG_ENABLE_MODULES = YES;
				CLANG_ENABLE_OBJC_ARC = YES;
				CLANG_ENABLE_OBJC_WEAK = YES;
				CLANG_WARN_BLOCK_CAPTURE_AUTORELEASING = YES;
				CLANG_WARN_BOOL_CONVERSION = YES;
				CLANG_WARN_COMMA = YES;
				CLANG_WARN_CONSTANT_CONVERSION = YES;
				CLANG_WARN_DEPRECATED_OBJC_IMPLEMENTATIONS = YES;
				CLANG_WARN_DIRECT_OBJC_ISA_USAGE = YES_ERROR;
				CLANG_WARN_DOCUMENTATION_COMMENTS = YES;
				CLANG_WARN_EMPTY_BODY = YES;
				CLANG_WARN_ENUM_CONVERSION = YES;
				CLANG_WARN_INFINITE_RECURSION = YES;
				CLANG_WARN_INT_CONVERSION = YES;
				CLANG_WARN_NON_LITERAL_NULL_CONVERSION = YES;
				CLANG_WARN_OBJC_IMPLICIT_RETAIN_SELF = YES;
				CLANG_WARN_OBJC_LITERAL_CONVERSION = YES;
				CLANG_WARN_OBJC_ROOT_CLASS = YES_ERROR;
				CLANG_WARN_QUOTED_INCLUDE_IN_FRAMEWORK_HEADER = YES;
				CLANG_WARN_RANGE_LOOP_ANALYSIS = YES;
				CLANG_WARN_STRICT_PROTOTYPES = YES;
				CLANG_WARN_SUSPICIOUS_MOVE = YES;
				CLANG_WARN_UNGUARDED_AVAILABILITY = YES_AGGRESSIVE;
				CLANG_WARN_UNREACHABLE_CODE = YES;
				CLANG_WARN__DUPLICATE_METHOD_MATCH = YES;
				COPY_PHASE_STRIP = NO;
				DEBUG_INFORMATION_FORMAT = "dwarf-with-dsym";
				ENABLE_NS_ASSERTIONS = NO;
				ENABLE_STRICT_OBJC_MSGSEND = YES;
				GCC_C_LANGUAGE_STANDARD = gnu11;
				GCC_NO_COMMON_BLOCKS = YES;
				GCC_WARN_64_TO_32_BIT_CONVERSION = YES;
				GCC_WARN_ABOUT_RETURN_TYPE = YES_ERROR;
				GCC_WARN_UNDECLARED_SELECTOR = YES;
				GCC_WARN_UNINITIALIZED_AUTOS = YES_AGGRESSIVE;
				GCC_WARN_UNUSED_FUNCTION = YES;
				GCC_WARN_UNUSED_VARIABLE = YES;
				IPHONEOS_DEPLOYMENT_TARGET = 16.4;
				MTL_ENABLE_DEBUG_INFO = NO;
				MTL_FAST_MATH = YES;
				SDKROOT = iphoneos;
				SWIFT_COMPILATION_MODE = wholemodule;
				SWIFT_OPTIMIZATION_LEVEL = "-O";
				VALIDATE_PRODUCT = YES;
			};
			name = Release;
		};
		E92C4BFA2ACB67AA00301545 /* Debug */ = {
			isa = XCBuildConfiguration;
			buildSettings = {
				ASSETCATALOG_COMPILER_APPICON_NAME = AppIcon;
				ASSETCATALOG_COMPILER_GLOBAL_ACCENT_COLOR_NAME = AccentColor;
				CODE_SIGN_STYLE = Automatic;
				CURRENT_PROJECT_VERSION = 1;
				DEVELOPMENT_ASSET_PATHS = "\"DartChallenge/Preview Content\"";
				DEVELOPMENT_TEAM = 5S88AY6J4R;
				ENABLE_PREVIEWS = YES;
				GENERATE_INFOPLIST_FILE = YES;
				INFOPLIST_FILE = DartChallenge/Info.plist;
				INFOPLIST_KEY_NSCameraUsageDescription = "Needed to use AR Tecnology.";
				INFOPLIST_KEY_UIApplicationSceneManifest_Generation = YES;
				INFOPLIST_KEY_UIApplicationSupportsIndirectInputEvents = YES;
				INFOPLIST_KEY_UILaunchScreen_Generation = YES;
				INFOPLIST_KEY_UISupportedInterfaceOrientations = UIInterfaceOrientationPortrait;
				INFOPLIST_KEY_UISupportedInterfaceOrientations_iPad = "UIInterfaceOrientationLandscapeLeft UIInterfaceOrientationLandscapeRight UIInterfaceOrientationPortrait UIInterfaceOrientationPortraitUpsideDown";
				LD_RUNPATH_SEARCH_PATHS = (
					"$(inherited)",
					"@executable_path/Frameworks",
				);
				MARKETING_VERSION = 1.0;
				PRODUCT_BUNDLE_IDENTIFIER = br.ufpe.cin.academy.tmc4.DartChallenge;
				PRODUCT_NAME = "$(TARGET_NAME)";
				SUPPORTED_PLATFORMS = "iphoneos iphonesimulator";
				SUPPORTS_MACCATALYST = NO;
				SUPPORTS_MAC_DESIGNED_FOR_IPHONE_IPAD = NO;
				SWIFT_EMIT_LOC_STRINGS = YES;
				SWIFT_VERSION = 5.0;
				TARGETED_DEVICE_FAMILY = 1;
			};
			name = Debug;
		};
		E92C4BFB2ACB67AA00301545 /* Release */ = {
			isa = XCBuildConfiguration;
			buildSettings = {
				ASSETCATALOG_COMPILER_APPICON_NAME = AppIcon;
				ASSETCATALOG_COMPILER_GLOBAL_ACCENT_COLOR_NAME = AccentColor;
				CODE_SIGN_STYLE = Automatic;
				CURRENT_PROJECT_VERSION = 1;
				DEVELOPMENT_ASSET_PATHS = "\"DartChallenge/Preview Content\"";
				DEVELOPMENT_TEAM = 5S88AY6J4R;
				ENABLE_PREVIEWS = YES;
				GENERATE_INFOPLIST_FILE = YES;
				INFOPLIST_FILE = DartChallenge/Info.plist;
				INFOPLIST_KEY_NSCameraUsageDescription = "Needed to use AR Tecnology.";
				INFOPLIST_KEY_UIApplicationSceneManifest_Generation = YES;
				INFOPLIST_KEY_UIApplicationSupportsIndirectInputEvents = YES;
				INFOPLIST_KEY_UILaunchScreen_Generation = YES;
				INFOPLIST_KEY_UISupportedInterfaceOrientations = UIInterfaceOrientationPortrait;
				INFOPLIST_KEY_UISupportedInterfaceOrientations_iPad = "UIInterfaceOrientationLandscapeLeft UIInterfaceOrientationLandscapeRight UIInterfaceOrientationPortrait UIInterfaceOrientationPortraitUpsideDown";
				LD_RUNPATH_SEARCH_PATHS = (
					"$(inherited)",
					"@executable_path/Frameworks",
				);
				MARKETING_VERSION = 1.0;
				PRODUCT_BUNDLE_IDENTIFIER = br.ufpe.cin.academy.tmc4.DartChallenge;
				PRODUCT_NAME = "$(TARGET_NAME)";
				SUPPORTED_PLATFORMS = "iphoneos iphonesimulator";
				SUPPORTS_MACCATALYST = NO;
				SUPPORTS_MAC_DESIGNED_FOR_IPHONE_IPAD = NO;
				SWIFT_EMIT_LOC_STRINGS = YES;
				SWIFT_VERSION = 5.0;
				TARGETED_DEVICE_FAMILY = 1;
			};
			name = Release;
		};
/* End XCBuildConfiguration section */

/* Begin XCConfigurationList section */
		E92C4BE62ACB67A900301545 /* Build configuration list for PBXProject "DartChallenge" */ = {
			isa = XCConfigurationList;
			buildConfigurations = (
				E92C4BF72ACB67AA00301545 /* Debug */,
				E92C4BF82ACB67AA00301545 /* Release */,
			);
			defaultConfigurationIsVisible = 0;
			defaultConfigurationName = Release;
		};
		E92C4BF92ACB67AA00301545 /* Build configuration list for PBXNativeTarget "DartChallenge" */ = {
			isa = XCConfigurationList;
			buildConfigurations = (
				E92C4BFA2ACB67AA00301545 /* Debug */,
				E92C4BFB2ACB67AA00301545 /* Release */,
			);
			defaultConfigurationIsVisible = 0;
			defaultConfigurationName = Release;
		};
/* End XCConfigurationList section */
	};
	rootObject = E92C4BE32ACB67A900301545 /* Project object */;
}
